
Microsoft Visual Studio Solution File, Format Version 12.00
# Visual Studio Version 17
VisualStudioVersion = 17.1.32319.34
MinimumVisualStudioVersion = 10.0.40219.1
Project("{FAE04EC0-301F-11D3-BF4B-00C04F79EFBC}") = "SqlTest", "SqlTest\SqlTest.csproj", "{C1C0A985-F19A-4165-963E-1F1092DAEF22}"
EndProject
Global
	GlobalSection(SolutionConfigurationPlatforms) = preSolution
		Debug|Any CPU = Debug|Any CPU
		Release|Any CPU = Release|Any CPU
	EndGlobalSection
	GlobalSection(ProjectConfigurationPlatforms) = postSolution
		{C1C0A985-F19A-4165-963E-1F1092DAEF22}.Debug|Any CPU.ActiveCfg = Debug|Any CPU
		{C1C0A985-F19A-4165-963E-1F1092DAEF22}.Debug|Any CPU.Build.0 = Debug|Any CPU
		{C1C0A985-F19A-4165-963E-1F1092DAEF22}.Release|Any CPU.ActiveCfg = Release|Any CPU
		{C1C0A985-F19A-4165-963E-1F1092DAEF22}.Release|Any CPU.Build.0 = Release|Any CPU
	EndGlobalSection
	GlobalSection(SolutionProperties) = preSolution
		HideSolutionNode = FALSE
	EndGlobalSection
	GlobalSection(ExtensibilityGlobals) = postSolution
		SolutionGuid = {A5B5B694-E60B-4B25-BEE9-D222AC0A88A3}
	EndGlobalSection
EndGlobal
